
Microsoft Visual Studio Solution File, Format Version 12.00
# Visual Studio Version 16
VisualStudioVersion = 16.0.30413.136
MinimumVisualStudioVersion = 10.0.40219.1
Project("{FAE04EC0-301F-11D3-BF4B-00C04F79EFBC}") = "ResterauntRaterAPI", "ResterauntRaterAPI\ResterauntRaterAPI.csproj", "{D21DD57C-1C81-4977-A4E5-A9FB3B7DA780}"
EndProject
Global
	GlobalSection(SolutionConfigurationPlatforms) = preSolution
		Debug|Any CPU = Debug|Any CPU
		Release|Any CPU = Release|Any CPU
	EndGlobalSection
	GlobalSection(ProjectConfigurationPlatforms) = postSolution
		{D21DD57C-1C81-4977-A4E5-A9FB3B7DA780}.Debug|Any CPU.ActiveCfg = Debug|Any CPU
		{D21DD57C-1C81-4977-A4E5-A9FB3B7DA780}.Debug|Any CPU.Build.0 = Debug|Any CPU
		{D21DD57C-1C81-4977-A4E5-A9FB3B7DA780}.Release|Any CPU.ActiveCfg = Release|Any CPU
		{D21DD57C-1C81-4977-A4E5-A9FB3B7DA780}.Release|Any CPU.Build.0 = Release|Any CPU
	EndGlobalSection
	GlobalSection(SolutionProperties) = preSolution
		HideSolutionNode = FALSE
	EndGlobalSection
	GlobalSection(ExtensibilityGlobals) = postSolution
		SolutionGuid = {DB7068DE-6CC5-4980-8F14-20C81D6AB9E6}
	EndGlobalSection
EndGlobal
